citation	md5
.github/workflows/ci.yaml:L1-L4	2817f895686ebb0a94d2b8cf752cb569
.github/workflows/ci.yaml:L8-L20	4200e691f79a0fd818b3e6a7cacca290
.github/workflows/ci.yaml:L8-L29	7cf937044ff3f663efe609d8cfb2f9e0
DESCRIPTION:L20-L21	9094d03abdadacf97fb1c9e545cf325d
R/block-class.R:L1-L6	c7e5bdf52d225e0e6d8e7cfe0e39238a
R/block-class.R:L106-L109	ddf2b2e679e941af531eb795d88b2abb
R/block-class.R:L173-L177	1c8b93aff591a9d17755b4808763a021
R/block-class.R:L183-L183	4b90384d2c1bc24747eb33c6cd1803b7
R/block-class.R:L185-L189	3a4cbadf2e95db3731cccb6f86d6d993
R/block-class.R:L191-L211	15d5dca95c8196e8439e112790b52059
R/block-class.R:L213-L230	94c9a3b2b4f6e439790abb8a4c207f16
R/block-class.R:L28-L41	6c8f9eadd7f95f20c12d208e01b03699
R/block-class.R:L43-L75	6522e71da37052e847b5fef406207d6d
R/block-class.R:L459-L463	16824028406a3a4283d22e1c2122456e
R/block-class.R:L474-L483	8494cfda733c0518c7321c247e866b78
R/block-class.R:L508-L509	e14e84164b7e4ed669e2e49b97c5d04e
R/block-class.R:L559-L566	b647ab68ac5b4dbf862e9f351fbc7999
R/block-class.R:L605-L620	255d13326bfbff1d7f0fc7bf73cc72a1
R/block-class.R:L716-L730	d7a9c7e7ee387e1b9dd11045dcd1bd1a
R/block-class.R:L77-L89	7eafc4e90d4dbcdad20752bb6c1a7c1c
R/block-class.R:L91-L96	bada9ec53838fff87e8f0b3c03d91740
R/block-class.R:L98-L104	8e2c55e455ff7d1f73780483aa8373e0
R/block-eval.R:L1-L4	8f8eb549cb5962451c0e211a75ffa31a
R/block-eval.R:L10-L12	12730d7333be7d1686e9895f1ea131c8
R/block-eval.R:L16-L40	9c4495ebfc5a236db769192ff1694c88
R/block-eval.R:L42-L54	701f211f72a22a70d852da1b8ecfc3de
R/block-eval.R:L5-L7	4b4f22f56e87a468b41856ea620d932d
R/block-registry.R:L14-L24	84e76fc6ed9c683ec300fc9de9bb16e2
R/block-registry.R:L26-L32	66aa90320f9a384af3f0ba10dd7332cf
R/block-registry.R:L3-L12	3f03035fd3209f92cf29ea0d71303615
R/block-server.R:L1-L11	91ce7293b5ca0bf291124ab914072faa
R/block-server.R:L104-L105	7ffe1ed762eba3d4d6d13fa92d6d9f99
R/block-server.R:L168-L179	9d0538bdc86b820638f1418a27f21372
R/block-server.R:L181-L192	23b3ec015703f8e84e640459af60b8c8
R/block-server.R:L198-L204	371e95859f3cd1f6d204583396e8b074
R/block-server.R:L20-L24	cc0c8bd2c3376602e1aef704b678d01a
R/block-server.R:L230-L238	efff50873eb6072834141096537c7454
R/block-server.R:L280-L305	e2c6e37debce6255d1466bd1908aa061
R/block-server.R:L307-L336	b5de351c96e115615baecd2c8dcb9673
R/block-server.R:L36-L39	5935faf2a4d239a505c4b8353b4d6bf5
R/block-server.R:L42-L44	cc11cc11d686a274ca4064cc10c2701e
R/block-server.R:L52-L241	e836df292e6013ff9c5fe21dce7ab719
R/block-server.R:L63-L66	4ba2c5abd5358f570620f21ba140c2dd
R/block-server.R:L68-L74	bd2fcf4c293cb11ee9c6f2e3ad4920a5
R/block-server.R:L80-L83	96ee6263d88a218a64fcdac3152f1633
R/block-ui.R:L1-L15	c48a7bd4ae2c8614e99e2740ebb88889
R/block-ui.R:L17-L20	d815a621ca368eb344f44cc36617b71c
R/block-ui.R:L26-L32	fcf8129a6e05cfa10ef21d92dc0e2106
R/block-ui.R:L39-L42	a5eb6df477ab3ee39c0000acd7a92e49
R/block-ui.R:L50-L58	c4396f75a6a05e395419ea1bce84677e
R/block-ui.R:L62-L62	c50a3efe5426901c1c92ddd3c4d8a41d
R/block-ui.R:L73-L76	24f8cb6916dbafb4feed943346ffdc07
R/board-class.R:L1-L11	c31f46232a9b0bf750cc51d3a4db4feb
R/board-class.R:L38-L63	6097f173a72856dd633582f352944e38
R/board-plugins.R:L1-L9	e0fe87607ede1042405fb943626cd0ba
R/board-plugins.R:L124-L174	660857c88b21631b858e1c6947e62bf1
R/board-plugins.R:L318-L336	a6a3c6173e4c621df4285bb24373fa35
R/board-plugins.R:L34-L44	ed1188cd526ff43ebbbec91a3194ed06
R/board-server.R:L1-L9	65b9f987a89236ad86a72b45b577396d
R/board-server.R:L11-L19	1a502f271672375ddd5346180b85af8b
R/board-server.R:L1254-L1257	c757d897de415a329fb5398bd1948c7c
R/board-server.R:L25-L31	4b8a51da79306e20b29847800be80592
R/board-server.R:L42-L62	6bca41458482d36e741ee695b5ba8ca2
R/board-server.R:L682-L691	9294c4737ec9c1d0be58c2ed3add2a23
R/board-server.R:L728-L738	fa34c4e945d95101aaff467c95e06d3f
R/board-server.R:L781-L788	d3413f00c1fee37eb2996887f0926117
R/board-server.R:L795-L800	bdb52fd44a0932b6e6c0235efc47ff87
R/board-server.R:L82-L86	97daf9e24a1675a8a5e307d888b202cd
R/link-class.R:L1-L9	e4da99a4d4b0dbca3019218e88ecccaa
R/links-class.R:L1-L11	78a528105f743a51773f432e1bb135ee
R/links-class.R:L304-L364	075bb51f335f73d78bff68a0ba5ea319
R/plot-scatter.R:L76-L78	372d6d0384b3b0cf7cd5325991112b88
R/plugin-block.R:L1-L9	a83198053265aa7eef2919f03dce5ce7
R/plugin-block.R:L19-L22	7790135ef556484c2315879d05253418
R/plugin-blocks.R:L1-L12	3c66407f15e155bad09f44db5bb697fa
R/plugin-blocks.R:L22-L26	d51008e89c1cd321ff27ad2af3ee1a25
R/plugin-code.R:L1-L8	d72c57720684824a81677fc942da52f6
R/plugin-code.R:L18-L22	046d8ef190adb2ff8c0b30a443a13cf5
R/plugin-code.R:L42-L57	33fbc5418c98f132d43e47cc4038e0a5
R/plugin-code.R:L5-L6	27729b03dfdd7d1cb4bfbde8efd39a7d
R/plugin-control.R:L1-L17	e463ef74f44355adea8ec2905ba7bec9
R/plugin-control.R:L120-L130	dff7283914f79ef514e52801a89a6260
R/plugin-control.R:L28-L30	ad80590e90b7c1f28c6a17baf027a03d
R/plugin-control.R:L53-L89	f1bb6fa462c66cfcd6b84ad331b67b97
R/plugin-links.R:L1-L15	0202884e2b3a269c01234628be517b5b
R/plugin-links.R:L25-L27	03a8a6835731fc20fa43779c0059db26
R/plugin-notification.R:L1-L9	986440b4b8ab0d9535d75e36f4da5fb7
R/plugin-notification.R:L20-L22	908d3a70e3a73fc1ce696abec159bf7a
R/plugin-serdes.R:L1-L18	1e3d17c2d05b322b4cdf39dd6930fc07
R/plugin-serdes.R:L150-L166	09a3679deef3d66f23a9dcd90ac478ea
R/plugin-serdes.R:L193-L227	aff10c2aaf997b92513d314eeb4b1e59
R/plugin-serdes.R:L21-L26	eb2e5bfaffb0c63a60d35f922c8f1fb6
R/plugin-serdes.R:L96-L106	702ca89f10b87e957477fbf5703f4fde
R/plugin-stack.R:L1-L8	1a817161486c8d7928f6f1baa751dc8e
R/plugin-stack.R:L18-L20	4b9dd7cd81a4055cc3f411fac71281b4
R/plugin-stacks.R:L1-L15	5c9e00ebc93b8924ea26c084cef3614c
R/plugin-stacks.R:L25-L29	81542306fb0313d2eeb00a43c7a3772e
R/stack-class.R:L1-L9	10ae9ddbd30865ad045e00b742dec654
R/stacks-class.R:L1-L5	919f041e91e91880483b8706eac88f9d
R/stacks-class.R:L41-L88	55a6b686d6aa237052522254e321867e
R/stacks-class.R:L90-L103	bf077d730bf8ac405e9c82d2bd0b77a4
R/transform-merge.R:L88-L90	0bca198de553c36e41559d07f79faa1f
R/utils-graph.R:L1-L6	f3e7f363fc06c919cd6a4186ca48e545
R/utils-graph.R:L111-L119	b57f89743ce2b69a5a0974c0cf7bf128
R/utils-graph.R:L30-L86	ebf2e4dd32ac34526480d3f40768acbc
R/utils-serdes.R:L1-L12	14c229d91fc0d3f0938612dd9424949a
R/utils-serdes.R:L14-L16	a7d3aa32c2050789c7d1620cf65305f3
R/utils-serdes.R:L259-L280	3d04e89d3974565805f38cdb097ae9bd
R/utils-serdes.R:L28-L32	9e7c0ee23b8f2511c262380bda21709c
R/utils-serdes.R:L42-L62	a9f49e36affec03fdc891714ee595383
tests/testthat/test-board-plugins.R:L12-L15	db7a53841a7b71e326db53f68977d921
tests/testthat/test-board-plugins.R:L24-L29	c2274a6da786d5922624e04a20fea11d
tests/testthat/test-eval-env.R:L1-L5	033a419cfdeec5fa890bd44ab9d7dbe5
tests/testthat/test-links-class.R:L119-L132	608927f6dafbd54d3e95c69ec6686e52
tests/testthat/test-links-class.R:L19-L19	e038849b90a056d23c35bbf49e17164e
tests/testthat/test-stacks-class.R:L46-L51	1c2a4cafb0d725b4b6fc10f0e2c5f731
tests/testthat/test-utils-graph.R:L4-L7	02832a5d7284ca91741fba94ab320647
tests/testthat/test-utils-serdes.R:L113-L120	c77ad627834f98db063ca76c237655cf
tests/testthat/test-utils-serdes.R:L5-L9	42bc0d2d667191688b3c592bdf22fe13
